
Microsoft Visual Studio Solution File, Format Version 12.00
# Visual Studio Version 17
VisualStudioVersion = 17.7.34031.279
MinimumVisualStudioVersion = 10.0.40219.1
Project("{FAE04EC0-301F-11D3-BF4B-00C04F79EFBC}") = "Guia5_Ejercicio1", "Guia5_Ejercicio1\Guia5_Ejercicio1.csproj", "{83A77CD0-06AE-49C1-BDEB-7A0FEF38BB5D}"
EndProject
Global
	GlobalSection(SolutionConfigurationPlatforms) = preSolution
		Debug|Any CPU = Debug|Any CPU
		Release|Any CPU = Release|Any CPU
	EndGlobalSection
	GlobalSection(ProjectConfigurationPlatforms) = postSolution
		{83A77CD0-06AE-49C1-BDEB-7A0FEF38BB5D}.Debug|Any CPU.ActiveCfg = Debug|Any CPU
		{83A77CD0-06AE-49C1-BDEB-7A0FEF38BB5D}.Debug|Any CPU.Build.0 = Debug|Any CPU
		{83A77CD0-06AE-49C1-BDEB-7A0FEF38BB5D}.Release|Any CPU.ActiveCfg = Release|Any CPU
		{83A77CD0-06AE-49C1-BDEB-7A0FEF38BB5D}.Release|Any CPU.Build.0 = Release|Any CPU
	EndGlobalSection
	GlobalSection(SolutionProperties) = preSolution
		HideSolutionNode = FALSE
	EndGlobalSection
	GlobalSection(ExtensibilityGlobals) = postSolution
		SolutionGuid = {5930B6A2-0948-4304-AB8D-3B88E48A15BE}
	EndGlobalSection
EndGlobal
